{
  "name": "thumbnail-extractor",
  "version": "1.0.0",
  "lockfileVersion": 1,
  "requires": true,
  "dependencies": {
    "any-deferred": {
      "version": "1.0.0",
      "resolved": "https://registry.npmjs.org/any-deferred/-/any-deferred-1.0.0.tgz",
      "integrity": "sha512-MmGuZv/RuLJ9ZLn98R9HzL3xEZSu81artIij2qPmkRCGnFVz07dWehnYQFA4/pG1VCJKjOd7b5CkGeImdVtbWw==",
      "requires": {
        "any-promise": "^1.3.0"
      }
    },
    "any-promise": {
      "version": "1.3.0",
      "resolved": "https://registry.npmjs.org/any-promise/-/any-promise-1.3.0.tgz",
      "integrity": "sha1-q8av7tzqUugJzcA3au0845Y10X8="
    },
    "channel-surfer": {
      "version": "2.1.0",
      "resolved": "https://registry.npmjs.org/channel-surfer/-/channel-surfer-2.1.0.tgz",
      "integrity": "sha512-C2ZobV0JqMGJoyj3RnfUvpJ93BSUxKZ+5UzUpAECxXzeTjbHYvGmgNahLo1GfOi5HLbI2puy6j0QmGlPPVz9Vg==",
      "requires": {
        "any-deferred": "^1.0.0"
      }
    },
    "stream-consume-promise": {
      "version": "1.0.3",
      "resolved": "https://registry.npmjs.org/stream-consume-promise/-/stream-consume-promise-1.0.3.tgz",
      "integrity": "sha512-rx8rKZydsztjnXha7GBOlpbhE6DcTy0kaW3b+1EAcHaxvtWlC8jszO9y/qdeM7/eXHKxWgn/s260fYV+58EW2Q==",
      "requires": {
        "channel-surfer": "^2.0.1"
      }
    }
  }
}
